{
  "pins" : [
    {
      "identity" : "alamofire",
      "kind" : "remoteSourceControl",
      "location" : "https://github.com/Alamofire/Alamofire.git",
      "state" : {
        "revision" : "b2fa556e4e48cbf06cf8c63def138c98f4b811fa",
        "version" : "5.8.0"
      }
    },
    {
      "identity" : "chiotpfield",
      "kind" : "remoteSourceControl",
      "location" : "https://github.com/ChiliLabs/CHIOTPField.git",
      "state" : {
        "revision" : "a18c00e08af660338832c60e6a3789c9c2f4e11b",
        "version" : "0.1.0"
      }
    },
    {
      "identity" : "chipagecontrol",
      "kind" : "remoteSourceControl",
      "location" : "https://github.com/ChiliLabs/CHIPageControl.git",
      "state" : {
        "revision" : "2d16f651a6c885e8d7eff21b36bd1cae3130aa10",
        "version" : "0.2.1"
      }
    },
    {
      "identity" : "gifu",
      "kind" : "remoteSourceControl",
      "location" : "https://github.com/kaishin/Gifu",
      "state" : {
        "revision" : "82da0086dea14ca9afc9801234ad8dc4cd9e2738",
        "version" : "3.4.1"
      }
    },
    {
      "identity" : "nuke",
      "kind" : "remoteSourceControl",
      "location" : "https://github.com/kean/Nuke.git",
      "state" : {
        "revision" : "a002b7fd786f2df2ed4333fe73a9727499fd9d97",
        "version" : "10.11.2"
      }
    },
    {
      "identity" : "nukeui",
      "kind" : "remoteSourceControl",
      "location" : "https://github.com/kean/NukeUI.git",
      "state" : {
        "revision" : "db55022a8e483774ebbf3568727071477546d9ea",
        "version" : "0.8.3"
      }
    },
    {
      "identity" : "nvactivityindicatorview",
      "kind" : "remoteSourceControl",
      "location" : "https://github.com/ninjaprox/NVActivityIndicatorView.git",
      "state" : {
        "revision" : "bcb52371f2259254bac6690f92bb474a61768c47",
        "version" : "5.1.1"
      }
    }
  ],
  "version" : 2
}
